
Microsoft Visual Studio Solution File, Format Version 12.00
# Visual Studio Version 17
VisualStudioVersion = 17.0.31912.275
MinimumVisualStudioVersion = 10.0.40219.1
Project("{FAE04EC0-301F-11D3-BF4B-00C04F79EFBC}") = "BlazorTest", "BlazorTest.csproj", "{405C8EE8-275E-43B3-8125-74D62678FB6E}"
EndProject
Global
	GlobalSection(SolutionConfigurationPlatforms) = preSolution
		Debug|Any CPU = Debug|Any CPU
		Release|Any CPU = Release|Any CPU
		API|Any CPU = API|Any CPU
	EndGlobalSection
	GlobalSection(ProjectConfigurationPlatforms) = postSolution
		{405C8EE8-275E-43B3-8125-74D62678FB6E}.Debug|Any CPU.ActiveCfg = Debug|Any CPU
		{405C8EE8-275E-43B3-8125-74D62678FB6E}.Debug|Any CPU.Build.0 = Debug|Any CPU
		{405C8EE8-275E-43B3-8125-74D62678FB6E}.Release|Any CPU.ActiveCfg = Release|Any CPU
		{405C8EE8-275E-43B3-8125-74D62678FB6E}.Release|Any CPU.Build.0 = Release|Any CPU
		{405C8EE8-275E-43B3-8125-74D62678FB6E}.API|Any CPU.ActiveCfg = API|Any CPU
		{405C8EE8-275E-43B3-8125-74D62678FB6E}.API|Any CPU.Build.0 = API|Any CPU
	EndGlobalSection
	GlobalSection(SolutionProperties) = preSolution
		HideSolutionNode = FALSE
	EndGlobalSection
	GlobalSection(ExtensibilityGlobals) = postSolution
		SolutionGuid = {3DC682C4-83CF-47B2-953F-0923D95D7412}
	EndGlobalSection
EndGlobal
